{
    "_meta": {
        "hash": {
            "sha256": "6d077ec699e343b61914264b3423b3f6aa3ec89e2b8f29abfcfcf1ffadd438c6"
        },
        "pipfile-spec": 6,
        "requires": {
            "python_version": "3.12"
        },
        "sources": [
            {
                "name": "pypi",
                "url": "https://pypi.org/simple",
                "verify_ssl": true
            }
        ]
    },
    "default": {
        "sortedcontainers": {
            "hashes": [
                "sha256:25caa5a06cc30b6b83d11423433f65d1f9d76c4c6a0c90e3379eaa43b9bfdb88",
                "sha256:a163dcaede0f1c021485e957a39245190e74249897e2ae4b2aa38595db237ee0"
            ],
            "index": "pypi",
            "version": "==2.4.0"
        },
        "sortedcontainers-stubs": {
            "hashes": [
                "sha256:4496109dfa6645e4b675f57fbc7e42ec4d1bed2c74aab7fa379e0795e49fe406",
                "sha256:ba172daceda4bd617d2f6ffd24582261a494da92705409651967faa40ebc75dd"
            ],
            "index": "pypi",
            "markers": "python_version >= '3.9' and python_version < '4.0'",
            "version": "==2.4.3"
        },
        "typing-extensions": {
            "hashes": [
                "sha256:38b39f4aeeab64884ce9f74c94263ef78f3c22467c8724005483154c26648d36",
                "sha256:d1e1e3b58374dc93031d6eda2420a48ea44a36c2b4766a4fdeb3710755731d76"
            ],
            "markers": "python_version >= '3.9'",
            "version": "==4.14.1"
        }
    },
    "develop": {}
}
